
Microsoft Visual Studio Solution File, Format Version 12.00
Project("{FAE04EC0-301F-11D3-BF4B-00C04F79EFBC}") = "GithubActionsDashboard", "GithubActionsDashboard\GithubActionsDashboard.csproj", "{89B7B216-E517-43C4-8BB9-52523D0E4AA1}"
EndProject
Global
	GlobalSection(SolutionConfigurationPlatforms) = preSolution
		Debug|Any CPU = Debug|Any CPU
		Release|Any CPU = Release|Any CPU
	EndGlobalSection
	GlobalSection(ProjectConfigurationPlatforms) = postSolution
		{89B7B216-E517-43C4-8BB9-52523D0E4AA1}.Debug|Any CPU.ActiveCfg = Debug|Any CPU
		{89B7B216-E517-43C4-8BB9-52523D0E4AA1}.Debug|Any CPU.Build.0 = Debug|Any CPU
		{89B7B216-E517-43C4-8BB9-52523D0E4AA1}.Release|Any CPU.ActiveCfg = Release|Any CPU
		{89B7B216-E517-43C4-8BB9-52523D0E4AA1}.Release|Any CPU.Build.0 = Release|Any CPU
	EndGlobalSection
EndGlobal
